// !$*UTF8*$!
{
	archiveVersion = 1;
	classes = {
	};
	objectVersion = 56;
	objects = {

/* Begin PBXBuildFile section */
		2208AE3429745757009F3ED9 /* AppDelegate.swift in Sources */ = {isa = PBXBuildFile; fileRef = 2208AE3329745757009F3ED9 /* AppDelegate.swift */; };
		2208AE3629745757009F3ED9 /* SceneDelegate.swift in Sources */ = {isa = PBXBuildFile; fileRef = 2208AE3529745757009F3ED9 /* SceneDelegate.swift */; };
		2208AE3829745757009F3ED9 /* MainTabbarController.swift in Sources */ = {isa = PBXBuildFile; fileRef = 2208AE3729745757009F3ED9 /* MainTabbarController.swift */; };
		2208AE3D29745758009F3ED9 /* Assets.xcassets in Resources */ = {isa = PBXBuildFile; fileRef = 2208AE3C29745758009F3ED9 /* Assets.xcassets */; };
		2208AE4029745758009F3ED9 /* LaunchScreen.storyboard in Resources */ = {isa = PBXBuildFile; fileRef = 2208AE3E29745758009F3ED9 /* LaunchScreen.storyboard */; };
		2208AE4B2974637F009F3ED9 /* NotesViewController.swift in Sources */ = {isa = PBXBuildFile; fileRef = 2208AE4A2974637F009F3ED9 /* NotesViewController.swift */; };
		2208AE4D297463D4009F3ED9 /* TasksViewController.swift in Sources */ = {isa = PBXBuildFile; fileRef = 2208AE4C297463D4009F3ED9 /* TasksViewController.swift */; };
		220D573D29784592008963EE /* NoteTableViewCell.swift in Sources */ = {isa = PBXBuildFile; fileRef = 220D573C29784592008963EE /* NoteTableViewCell.swift */; };
		227A57D3297BDF50004E5E44 /* AlertDate.swift in Sources */ = {isa = PBXBuildFile; fileRef = 227A57D2297BDF50004E5E44 /* AlertDate.swift */; };
		227A57D5297BEF41004E5E44 /* AlertTime.swift in Sources */ = {isa = PBXBuildFile; fileRef = 227A57D4297BEF41004E5E44 /* AlertTime.swift */; };
		227A57D7297C2F45004E5E44 /* AlertNote.swift in Sources */ = {isa = PBXBuildFile; fileRef = 227A57D6297C2F45004E5E44 /* AlertNote.swift */; };
		228B92E029799E210013E070 /* HeaderAddNoteTableViewCell.swift in Sources */ = {isa = PBXBuildFile; fileRef = 228B92DF29799E210013E070 /* HeaderAddNoteTableViewCell.swift */; };
		22A93AE229791F68002D6EBA /* AddNoteViewController.swift in Sources */ = {isa = PBXBuildFile; fileRef = 22A93AE129791F68002D6EBA /* AddNoteViewController.swift */; };
		22A93AE5297924B8002D6EBA /* AddNoteTableViewCell.swift in Sources */ = {isa = PBXBuildFile; fileRef = 22A93AE4297924B8002D6EBA /* AddNoteTableViewCell.swift */; };
		5DE44AC6C40C236C2C1A0D3E /* Pods_MedNotes.framework in Frameworks */ = {isa = PBXBuildFile; fileRef = 0B6999ABFE4FC325266F7000 /* Pods_MedNotes.framework */; };
/* End PBXBuildFile section */

/* Begin PBXFileReference section */
		0B6999ABFE4FC325266F7000 /* Pods_MedNotes.framework */ = {isa = PBXFileReference; explicitFileType = wrapper.framework; includeInIndex = 0; path = Pods_MedNotes.framework; sourceTree = BUILT_PRODUCTS_DIR; };
		2208AE3029745757009F3ED9 /* MedNotes.app */ = {isa = PBXFileReference; explicitFileType = wrapper.application; includeInIndex = 0; path = MedNotes.app; sourceTree = BUILT_PRODUCTS_DIR; };
		2208AE3329745757009F3ED9 /* AppDelegate.swift */ = {isa = PBXFileReference; lastKnownFileType = sourcecode.swift; path = AppDelegate.swift; sourceTree = "<group>"; };
		2208AE3529745757009F3ED9 /* SceneDelegate.swift */ = {isa = PBXFileReference; lastKnownFileType = sourcecode.swift; path = SceneDelegate.swift; sourceTree = "<group>"; };
		2208AE3729745757009F3ED9 /* MainTabbarController.swift */ = {isa = PBXFileReference; lastKnownFileType = sourcecode.swift; path = MainTabbarController.swift; sourceTree = "<group>"; };
		2208AE3C29745758009F3ED9 /* Assets.xcassets */ = {isa = PBXFileReference; lastKnownFileType = folder.assetcatalog; path = Assets.xcassets; sourceTree = "<group>"; };
		2208AE3F29745758009F3ED9 /* Base */ = {isa = PBXFileReference; lastKnownFileType = file.storyboard; name = Base; path = Base.lproj/LaunchScreen.storyboard; sourceTree = "<group>"; };
		2208AE4129745758009F3ED9 /* Info.plist */ = {isa = PBXFileReference; lastKnownFileType = text.plist.xml; path = Info.plist; sourceTree = "<group>"; };
		2208AE4A2974637F009F3ED9 /* NotesViewController.swift */ = {isa = PBXFileReference; lastKnownFileType = sourcecode.swift; path = NotesViewController.swift; sourceTree = "<group>"; };
		2208AE4C297463D4009F3ED9 /* TasksViewController.swift */ = {isa = PBXFileReference; lastKnownFileType = sourcecode.swift; path = TasksViewController.swift; sourceTree = "<group>"; };
		220D573C29784592008963EE /* NoteTableViewCell.swift */ = {isa = PBXFileReference; lastKnownFileType = sourcecode.swift; path = NoteTableViewCell.swift; sourceTree = "<group>"; };
		227A57D2297BDF50004E5E44 /* AlertDate.swift */ = {isa = PBXFileReference; lastKnownFileType = sourcecode.swift; path = AlertDate.swift; sourceTree = "<group>"; };
		227A57D4297BEF41004E5E44 /* AlertTime.swift */ = {isa = PBXFileReference; lastKnownFileType = sourcecode.swift; path = AlertTime.swift; sourceTree = "<group>"; };
		227A57D6297C2F45004E5E44 /* AlertNote.swift */ = {isa = PBXFileReference; lastKnownFileType = sourcecode.swift; path = AlertNote.swift; sourceTree = "<group>"; };
		228B92DF29799E210013E070 /* HeaderAddNoteTableViewCell.swift */ = {isa = PBXFileReference; lastKnownFileType = sourcecode.swift; path = HeaderAddNoteTableViewCell.swift; sourceTree = "<group>"; };
		22A93AE129791F68002D6EBA /* AddNoteViewController.swift */ = {isa = PBXFileReference; lastKnownFileType = sourcecode.swift; path = AddNoteViewController.swift; sourceTree = "<group>"; };
		22A93AE4297924B8002D6EBA /* AddNoteTableViewCell.swift */ = {isa = PBXFileReference; lastKnownFileType = sourcecode.swift; path = AddNoteTableViewCell.swift; sourceTree = "<group>"; };
		6530EB9989AD4F172BEC8967 /* Pods-MedNotes.release.xcconfig */ = {isa = PBXFileReference; includeInIndex = 1; lastKnownFileType = text.xcconfig; name = "Pods-MedNotes.release.xcconfig"; path = "Target Support Files/Pods-MedNotes/Pods-MedNotes.release.xcconfig"; sourceTree = "<group>"; };
		C911DC723CE81286E5655B05 /* Pods-MedNotes.debug.xcconfig */ = {isa = PBXFileReference; includeInIndex = 1; lastKnownFileType = text.xcconfig; name = "Pods-MedNotes.debug.xcconfig"; path = "Target Support Files/Pods-MedNotes/Pods-MedNotes.debug.xcconfig"; sourceTree = "<group>"; };
/* End PBXFileReference section */

/* Begin PBXFrameworksBuildPhase section */
		2208AE2D29745757009F3ED9 /* Frameworks */ = {
			isa = PBXFrameworksBuildPhase;
			buildActionMask = 2147483647;
			files = (
				5DE44AC6C40C236C2C1A0D3E /* Pods_MedNotes.framework in Frameworks */,
			);
			runOnlyForDeploymentPostprocessing = 0;
		};
/* End PBXFrameworksBuildPhase section */

/* Begin PBXGroup section */
		2208AE2729745757009F3ED9 = {
			isa = PBXGroup;
			children = (
				2208AE3229745757009F3ED9 /* MedNotes */,
				2208AE3129745757009F3ED9 /* Products */,
				7E65442DDE6AE0D6B7ACBA46 /* Pods */,
				59CD9752657757BD23C78A4A /* Frameworks */,
			);
			sourceTree = "<group>";
		};
		2208AE3129745757009F3ED9 /* Products */ = {
			isa = PBXGroup;
			children = (
				2208AE3029745757009F3ED9 /* MedNotes.app */,
			);
			name = Products;
			sourceTree = "<group>";
		};
		2208AE3229745757009F3ED9 /* MedNotes */ = {
			isa = PBXGroup;
			children = (
				2208AE4729745A78009F3ED9 /* Application */,
				2208AE4829745AAA009F3ED9 /* Controllers */,
				220D573A29784557008963EE /* Model */,
				2208AE4929745AC4009F3ED9 /* Resources */,
			);
			path = MedNotes;
			sourceTree = "<group>";
		};
		2208AE4729745A78009F3ED9 /* Application */ = {
			isa = PBXGroup;
			children = (
				2208AE3329745757009F3ED9 /* AppDelegate.swift */,
				2208AE3529745757009F3ED9 /* SceneDelegate.swift */,
			);
			path = Application;
			sourceTree = "<group>";
		};
		2208AE4829745AAA009F3ED9 /* Controllers */ = {
			isa = PBXGroup;
			children = (
				2208AE3729745757009F3ED9 /* MainTabbarController.swift */,
				227A57D0297BD46A004E5E44 /* Notes */,
				227A57CF297BD458004E5E44 /* Tasks */,
			);
			path = Controllers;
			sourceTree = "<group>";
		};
		2208AE4929745AC4009F3ED9 /* Resources */ = {
			isa = PBXGroup;
			children = (
				2208AE3C29745758009F3ED9 /* Assets.xcassets */,
				2208AE3E29745758009F3ED9 /* LaunchScreen.storyboard */,
				2208AE4129745758009F3ED9 /* Info.plist */,
			);
			path = Resources;
			sourceTree = "<group>";
		};
		220D573A29784557008963EE /* Model */ = {
			isa = PBXGroup;
			children = (
				227A57D1297BDEDE004E5E44 /* Extension */,
				220D573B2978455F008963EE /* Cell */,
			);
			path = Model;
			sourceTree = "<group>";
		};
		220D573B2978455F008963EE /* Cell */ = {
			isa = PBXGroup;
			children = (
				22A93AE329792413002D6EBA /* Note */,
			);
			path = Cell;
			sourceTree = "<group>";
		};
		227A57CF297BD458004E5E44 /* Tasks */ = {
			isa = PBXGroup;
			children = (
				2208AE4C297463D4009F3ED9 /* TasksViewController.swift */,
			);
			path = Tasks;
			sourceTree = "<group>";
		};
		227A57D0297BD46A004E5E44 /* Notes */ = {
			isa = PBXGroup;
			children = (
				2208AE4A2974637F009F3ED9 /* NotesViewController.swift */,
				22A93AE129791F68002D6EBA /* AddNoteViewController.swift */,
			);
			path = Notes;
			sourceTree = "<group>";
		};
		227A57D1297BDEDE004E5E44 /* Extension */ = {
			isa = PBXGroup;
			children = (
				227A57D2297BDF50004E5E44 /* AlertDate.swift */,
				227A57D4297BEF41004E5E44 /* AlertTime.swift */,
				227A57D6297C2F45004E5E44 /* AlertNote.swift */,
			);
			path = Extension;
			sourceTree = "<group>";
		};
		22A93AE329792413002D6EBA /* Note */ = {
			isa = PBXGroup;
			children = (
				220D573C29784592008963EE /* NoteTableViewCell.swift */,
				22A93AE4297924B8002D6EBA /* AddNoteTableViewCell.swift */,
				228B92DF29799E210013E070 /* HeaderAddNoteTableViewCell.swift */,
			);
			path = Note;
			sourceTree = "<group>";
		};
		59CD9752657757BD23C78A4A /* Frameworks */ = {
			isa = PBXGroup;
			children = (
				0B6999ABFE4FC325266F7000 /* Pods_MedNotes.framework */,
			);
			name = Frameworks;
			sourceTree = "<group>";
		};
		7E65442DDE6AE0D6B7ACBA46 /* Pods */ = {
			isa = PBXGroup;
			children = (
				C911DC723CE81286E5655B05 /* Pods-MedNotes.debug.xcconfig */,
				6530EB9989AD4F172BEC8967 /* Pods-MedNotes.release.xcconfig */,
			);
			path = Pods;
			sourceTree = "<group>";
		};
/* End PBXGroup section */

/* Begin PBXNativeTarget section */
		2208AE2F29745757009F3ED9 /* MedNotes */ = {
			isa = PBXNativeTarget;
			buildConfigurationList = 2208AE4429745758009F3ED9 /* Build configuration list for PBXNativeTarget "MedNotes" */;
			buildPhases = (
				02CE3ACA152BCE0E7162B523 /* [CP] Check Pods Manifest.lock */,
				2208AE2C29745757009F3ED9 /* Sources */,
				2208AE2D29745757009F3ED9 /* Frameworks */,
				2208AE2E29745757009F3ED9 /* Resources */,
				E49FED2D35E877BC007EA68C /* [CP] Embed Pods Frameworks */,
			);
			buildRules = (
			);
			dependencies = (
			);
			name = MedNotes;
			productName = MedNotes;
			productReference = 2208AE3029745757009F3ED9 /* MedNotes.app */;
			productType = "com.apple.product-type.application";
		};
/* End PBXNativeTarget section */

/* Begin PBXProject section */
		2208AE2829745757009F3ED9 /* Project object */ = {
			isa = PBXProject;
			attributes = {
				BuildIndependentTargetsInParallel = 1;
				LastSwiftUpdateCheck = 1410;
				LastUpgradeCheck = 1410;
				TargetAttributes = {
					2208AE2F29745757009F3ED9 = {
						CreatedOnToolsVersion = 14.1;
					};
				};
			};
			buildConfigurationList = 2208AE2B29745757009F3ED9 /* Build configuration list for PBXProject "MedNotes" */;
			compatibilityVersion = "Xcode 14.0";
			developmentRegion = en;
			hasScannedForEncodings = 0;
			knownRegions = (
				en,
				Base,
			);
			mainGroup = 2208AE2729745757009F3ED9;
			productRefGroup = 2208AE3129745757009F3ED9 /* Products */;
			projectDirPath = "";
			projectRoot = "";
			targets = (
				2208AE2F29745757009F3ED9 /* MedNotes */,
			);
		};
/* End PBXProject section */

/* Begin PBXResourcesBuildPhase section */
		2208AE2E29745757009F3ED9 /* Resources */ = {
			isa = PBXResourcesBuildPhase;
			buildActionMask = 2147483647;
			files = (
				2208AE4029745758009F3ED9 /* LaunchScreen.storyboard in Resources */,
				2208AE3D29745758009F3ED9 /* Assets.xcassets in Resources */,
			);
			runOnlyForDeploymentPostprocessing = 0;
		};
/* End PBXResourcesBuildPhase section */

/* Begin PBXShellScriptBuildPhase section */
		02CE3ACA152BCE0E7162B523 /* [CP] Check Pods Manifest.lock */ = {
			isa = PBXShellScriptBuildPhase;
			buildActionMask = 2147483647;
			files = (
			);
			inputFileListPaths = (
			);
			inputPaths = (
				"${PODS_PODFILE_DIR_PATH}/Podfile.lock",
				"${PODS_ROOT}/Manifest.lock",
			);
			name = "[CP] Check Pods Manifest.lock";
			outputFileListPaths = (
			);
			outputPaths = (
				"$(DERIVED_FILE_DIR)/Pods-MedNotes-checkManifestLockResult.txt",
			);
			runOnlyForDeploymentPostprocessing = 0;
			shellPath = /bin/sh;
			shellScript = "diff \"${PODS_PODFILE_DIR_PATH}/Podfile.lock\" \"${PODS_ROOT}/Manifest.lock\" > /dev/null\nif [ $? != 0 ] ; then\n    # print error to STDERR\n    echo \"error: The sandbox is not in sync with the Podfile.lock. Run 'pod install' or update your CocoaPods installation.\" >&2\n    exit 1\nfi\n# This output is used by Xcode 'outputs' to avoid re-running this script phase.\necho \"SUCCESS\" > \"${SCRIPT_OUTPUT_FILE_0}\"\n";
			showEnvVarsInLog = 0;
		};
		E49FED2D35E877BC007EA68C /* [CP] Embed Pods Frameworks */ = {
			isa = PBXShellScriptBuildPhase;
			buildActionMask = 2147483647;
			files = (
			);
			inputFileListPaths = (
				"${PODS_ROOT}/Target Support Files/Pods-MedNotes/Pods-MedNotes-frameworks-${CONFIGURATION}-input-files.xcfilelist",
			);
			name = "[CP] Embed Pods Frameworks";
			outputFileListPaths = (
				"${PODS_ROOT}/Target Support Files/Pods-MedNotes/Pods-MedNotes-frameworks-${CONFIGURATION}-output-files.xcfilelist",
			);
			runOnlyForDeploymentPostprocessing = 0;
			shellPath = /bin/sh;
			shellScript = "\"${PODS_ROOT}/Target Support Files/Pods-MedNotes/Pods-MedNotes-frameworks.sh\"\n";
			showEnvVarsInLog = 0;
		};
/* End PBXShellScriptBuildPhase section */

/* Begin PBXSourcesBuildPhase section */
		2208AE2C29745757009F3ED9 /* Sources */ = {
			isa = PBXSourcesBuildPhase;
			buildActionMask = 2147483647;
			files = (
				228B92E029799E210013E070 /* HeaderAddNoteTableViewCell.swift in Sources */,
				22A93AE229791F68002D6EBA /* AddNoteViewController.swift in Sources */,
				227A57D5297BEF41004E5E44 /* AlertTime.swift in Sources */,
				2208AE4B2974637F009F3ED9 /* NotesViewController.swift in Sources */,
				227A57D7297C2F45004E5E44 /* AlertNote.swift in Sources */,
				2208AE3829745757009F3ED9 /* MainTabbarController.swift in Sources */,
				227A57D3297BDF50004E5E44 /* AlertDate.swift in Sources */,
				2208AE4D297463D4009F3ED9 /* TasksViewController.swift in Sources */,
				2208AE3429745757009F3ED9 /* AppDelegate.swift in Sources */,
				2208AE3629745757009F3ED9 /* SceneDelegate.swift in Sources */,
				220D573D29784592008963EE /* NoteTableViewCell.swift in Sources */,
				22A93AE5297924B8002D6EBA /* AddNoteTableViewCell.swift in Sources */,
			);
			runOnlyForDeploymentPostprocessing = 0;
		};
/* End PBXSourcesBuildPhase section */

/* Begin PBXVariantGroup section */
		2208AE3E29745758009F3ED9 /* LaunchScreen.storyboard */ = {
			isa = PBXVariantGroup;
			children = (
				2208AE3F29745758009F3ED9 /* Base */,
			);
			name = LaunchScreen.storyboard;
			sourceTree = "<group>";
		};
/* End PBXVariantGroup section */

/* Begin XCBuildConfiguration section */
		2208AE4229745758009F3ED9 /* Debug */ = {
			isa = XCBuildConfiguration;
			buildSettings = {
				ALWAYS_SEARCH_USER_PATHS = NO;
				CLANG_ANALYZER_NONNULL = YES;
				CLANG_ANALYZER_NUMBER_OBJECT_CONVERSION = YES_AGGRESSIVE;
				CLANG_CXX_LANGUAGE_STANDARD = "gnu++20";
				CLANG_ENABLE_MODULES = YES;
				CLANG_ENABLE_OBJC_ARC = YES;
				CLANG_ENABLE_OBJC_WEAK = YES;
				CLANG_WARN_BLOCK_CAPTURE_AUTORELEASING = YES;
				CLANG_WARN_BOOL_CONVERSION = YES;
				CLANG_WARN_COMMA = YES;
				CLANG_WARN_CONSTANT_CONVERSION = YES;
				CLANG_WARN_DEPRECATED_OBJC_IMPLEMENTATIONS = YES;
				CLANG_WARN_DIRECT_OBJC_ISA_USAGE = YES_ERROR;
				CLANG_WARN_DOCUMENTATION_COMMENTS = YES;
				CLANG_WARN_EMPTY_BODY = YES;
				CLANG_WARN_ENUM_CONVERSION = YES;
				CLANG_WARN_INFINITE_RECURSION = YES;
				CLANG_WARN_INT_CONVERSION = YES;
				CLANG_WARN_NON_LITERAL_NULL_CONVERSION = YES;
				CLANG_WARN_OBJC_IMPLICIT_RETAIN_SELF = YES;
				CLANG_WARN_OBJC_LITERAL_CONVERSION = YES;
				CLANG_WARN_OBJC_ROOT_CLASS = YES_ERROR;
				CLANG_WARN_QUOTED_INCLUDE_IN_FRAMEWORK_HEADER = YES;
				CLANG_WARN_RANGE_LOOP_ANALYSIS = YES;
				CLANG_WARN_STRICT_PROTOTYPES = YES;
				CLANG_WARN_SUSPICIOUS_MOVE = YES;
				CLANG_WARN_UNGUARDED_AVAILABILITY = YES_AGGRESSIVE;
				CLANG_WARN_UNREACHABLE_CODE = YES;
				CLANG_WARN__DUPLICATE_METHOD_MATCH = YES;
				COPY_PHASE_STRIP = NO;
				DEBUG_INFORMATION_FORMAT = dwarf;
				ENABLE_STRICT_OBJC_MSGSEND = YES;
				ENABLE_TESTABILITY = YES;
				GCC_C_LANGUAGE_STANDARD = gnu11;
				GCC_DYNAMIC_NO_PIC = NO;
				GCC_NO_COMMON_BLOCKS = YES;
				GCC_OPTIMIZATION_LEVEL = 0;
				GCC_PREPROCESSOR_DEFINITIONS = (
					"DEBUG=1",
					"$(inherited)",
				);
				GCC_WARN_64_TO_32_BIT_CONVERSION = YES;
				GCC_WARN_ABOUT_RETURN_TYPE = YES_ERROR;
				GCC_WARN_UNDECLARED_SELECTOR = YES;
				GCC_WARN_UNINITIALIZED_AUTOS = YES_AGGRESSIVE;
				GCC_WARN_UNUSED_FUNCTION = YES;
				GCC_WARN_UNUSED_VARIABLE = YES;
				IPHONEOS_DEPLOYMENT_TARGET = 14.1;
				MTL_ENABLE_DEBUG_INFO = INCLUDE_SOURCE;
				MTL_FAST_MATH = YES;
				ONLY_ACTIVE_ARCH = YES;
				SDKROOT = iphoneos;
				SWIFT_ACTIVE_COMPILATION_CONDITIONS = DEBUG;
				SWIFT_OPTIMIZATION_LEVEL = "-Onone";
			};
			name = Debug;
		};
		2208AE4329745758009F3ED9 /* Release */ = {
			isa = XCBuildConfiguration;
			buildSettings = {
				ALWAYS_SEARCH_USER_PATHS = NO;
				CLANG_ANALYZER_NONNULL = YES;
				CLANG_ANALYZER_NUMBER_OBJECT_CONVERSION = YES_AGGRESSIVE;
				CLANG_CXX_LANGUAGE_STANDARD = "gnu++20";
				CLANG_ENABLE_MODULES = YES;
				CLANG_ENABLE_OBJC_ARC = YES;
				CLANG_ENABLE_OBJC_WEAK = YES;
				CLANG_WARN_BLOCK_CAPTURE_AUTORELEASING = YES;
				CLANG_WARN_BOOL_CONVERSION = YES;
				CLANG_WARN_COMMA = YES;
				CLANG_WARN_CONSTANT_CONVERSION = YES;
				CLANG_WARN_DEPRECATED_OBJC_IMPLEMENTATIONS = YES;
				CLANG_WARN_DIRECT_OBJC_ISA_USAGE = YES_ERROR;
				CLANG_WARN_DOCUMENTATION_COMMENTS = YES;
				CLANG_WARN_EMPTY_BODY = YES;
				CLANG_WARN_ENUM_CONVERSION = YES;
				CLANG_WARN_INFINITE_RECURSION = YES;
				CLANG_WARN_INT_CONVERSION = YES;
				CLANG_WARN_NON_LITERAL_NULL_CONVERSION = YES;
				CLANG_WARN_OBJC_IMPLICIT_RETAIN_SELF = YES;
				CLANG_WARN_OBJC_LITERAL_CONVERSION = YES;
				CLANG_WARN_OBJC_ROOT_CLASS = YES_ERROR;
				CLANG_WARN_QUOTED_INCLUDE_IN_FRAMEWORK_HEADER = YES;
				CLANG_WARN_RANGE_LOOP_ANALYSIS = YES;
				CLANG_WARN_STRICT_PROTOTYPES = YES;
				CLANG_WARN_SUSPICIOUS_MOVE = YES;
				CLANG_WARN_UNGUARDED_AVAILABILITY = YES_AGGRESSIVE;
				CLANG_WARN_UNREACHABLE_CODE = YES;
				CLANG_WARN__DUPLICATE_METHOD_MATCH = YES;
				COPY_PHASE_STRIP = NO;
				DEBUG_INFORMATION_FORMAT = "dwarf-with-dsym";
				ENABLE_NS_ASSERTIONS = NO;
				ENABLE_STRICT_OBJC_MSGSEND = YES;
				GCC_C_LANGUAGE_STANDARD = gnu11;
				GCC_NO_COMMON_BLOCKS = YES;
				GCC_WARN_64_TO_32_BIT_CONVERSION = YES;
				GCC_WARN_ABOUT_RETURN_TYPE = YES_ERROR;
				GCC_WARN_UNDECLARED_SELECTOR = YES;
				GCC_WARN_UNINITIALIZED_AUTOS = YES_AGGRESSIVE;
				GCC_WARN_UNUSED_FUNCTION = YES;
				GCC_WARN_UNUSED_VARIABLE = YES;
				IPHONEOS_DEPLOYMENT_TARGET = 14.1;
				MTL_ENABLE_DEBUG_INFO = NO;
				MTL_FAST_MATH = YES;
				SDKROOT = iphoneos;
				SWIFT_COMPILATION_MODE = wholemodule;
				SWIFT_OPTIMIZATION_LEVEL = "-O";
				VALIDATE_PRODUCT = YES;
			};
			name = Release;
		};
		2208AE4529745758009F3ED9 /* Debug */ = {
			isa = XCBuildConfiguration;
			baseConfigurationReference = C911DC723CE81286E5655B05 /* Pods-MedNotes.debug.xcconfig */;
			buildSettings = {
				ASSETCATALOG_COMPILER_APPICON_NAME = AppIcon;
				ASSETCATALOG_COMPILER_GLOBAL_ACCENT_COLOR_NAME = AccentColor;
				CODE_SIGN_STYLE = Automatic;
				CURRENT_PROJECT_VERSION = 1;
				DEVELOPMENT_TEAM = 9SZLC4J5JB;
				GENERATE_INFOPLIST_FILE = YES;
				INFOPLIST_FILE = MedNotes/Resources/Info.plist;
				INFOPLIST_KEY_UIApplicationSupportsIndirectInputEvents = YES;
				INFOPLIST_KEY_UILaunchStoryboardName = LaunchScreen;
				INFOPLIST_KEY_UIMainStoryboardFile = "";
				INFOPLIST_KEY_UISupportedInterfaceOrientations_iPad = "UIInterfaceOrientationPortrait UIInterfaceOrientationPortraitUpsideDown UIInterfaceOrientationLandscapeLeft UIInterfaceOrientationLandscapeRight";
				INFOPLIST_KEY_UISupportedInterfaceOrientations_iPhone = "UIInterfaceOrientationPortrait UIInterfaceOrientationLandscapeLeft UIInterfaceOrientationLandscapeRight";
				IPHONEOS_DEPLOYMENT_TARGET = 14.1;
				LD_RUNPATH_SEARCH_PATHS = (
					"$(inherited)",
					"@executable_path/Frameworks",
				);
				MARKETING_VERSION = 1.0;
				PRODUCT_BUNDLE_IDENTIFIER = com.lesson.MedNotes;
				PRODUCT_NAME = "$(TARGET_NAME)";
				SWIFT_EMIT_LOC_STRINGS = YES;
				SWIFT_VERSION = 5.0;
				TARGETED_DEVICE_FAMILY = "1,2";
			};
			name = Debug;
		};
		2208AE4629745758009F3ED9 /* Release */ = {
			isa = XCBuildConfiguration;
			baseConfigurationReference = 6530EB9989AD4F172BEC8967 /* Pods-MedNotes.release.xcconfig */;
			buildSettings = {
				ASSETCATALOG_COMPILER_APPICON_NAME = AppIcon;
				ASSETCATALOG_COMPILER_GLOBAL_ACCENT_COLOR_NAME = AccentColor;
				CODE_SIGN_STYLE = Automatic;
				CURRENT_PROJECT_VERSION = 1;
				DEVELOPMENT_TEAM = 9SZLC4J5JB;
				GENERATE_INFOPLIST_FILE = YES;
				INFOPLIST_FILE = MedNotes/Resources/Info.plist;
				INFOPLIST_KEY_UIApplicationSupportsIndirectInputEvents = YES;
				INFOPLIST_KEY_UILaunchStoryboardName = LaunchScreen;
				INFOPLIST_KEY_UIMainStoryboardFile = "";
				INFOPLIST_KEY_UISupportedInterfaceOrientations_iPad = "UIInterfaceOrientationPortrait UIInterfaceOrientationPortraitUpsideDown UIInterfaceOrientationLandscapeLeft UIInterfaceOrientationLandscapeRight";
				INFOPLIST_KEY_UISupportedInterfaceOrientations_iPhone = "UIInterfaceOrientationPortrait UIInterfaceOrientationLandscapeLeft UIInterfaceOrientationLandscapeRight";
				IPHONEOS_DEPLOYMENT_TARGET = 14.1;
				LD_RUNPATH_SEARCH_PATHS = (
					"$(inherited)",
					"@executable_path/Frameworks",
				);
				MARKETING_VERSION = 1.0;
				PRODUCT_BUNDLE_IDENTIFIER = com.lesson.MedNotes;
				PRODUCT_NAME = "$(TARGET_NAME)";
				SWIFT_EMIT_LOC_STRINGS = YES;
				SWIFT_VERSION = 5.0;
				TARGETED_DEVICE_FAMILY = "1,2";
			};
			name = Release;
		};
/* End XCBuildConfiguration section */

/* Begin XCConfigurationList section */
		2208AE2B29745757009F3ED9 /* Build configuration list for PBXProject "MedNotes" */ = {
			isa = XCConfigurationList;
			buildConfigurations = (
				2208AE4229745758009F3ED9 /* Debug */,
				2208AE4329745758009F3ED9 /* Release */,
			);
			defaultConfigurationIsVisible = 0;
			defaultConfigurationName = Release;
		};
		2208AE4429745758009F3ED9 /* Build configuration list for PBXNativeTarget "MedNotes" */ = {
			isa = XCConfigurationList;
			buildConfigurations = (
				2208AE4529745758009F3ED9 /* Debug */,
				2208AE4629745758009F3ED9 /* Release */,
			);
			defaultConfigurationIsVisible = 0;
			defaultConfigurationName = Release;
		};
/* End XCConfigurationList section */
	};
	rootObject = 2208AE2829745757009F3ED9 /* Project object */;
}
